
Microsoft Visual Studio Solution File, Format Version 12.00
# Visual Studio Version 17
VisualStudioVersion = 17.7.34018.315
MinimumVisualStudioVersion = 10.0.40219.1
Project("{FAE04EC0-301F-11D3-BF4B-00C04F79EFBC}") = "ConsoleEF7", "ConsoleEF7\ConsoleEF7.csproj", "{1CDFC151-66A2-4196-AD88-ECD847853355}"
EndProject
Global
	GlobalSection(SolutionConfigurationPlatforms) = preSolution
		Debug|Any CPU = Debug|Any CPU
		Release|Any CPU = Release|Any CPU
	EndGlobalSection
	GlobalSection(ProjectConfigurationPlatforms) = postSolution
		{1CDFC151-66A2-4196-AD88-ECD847853355}.Debug|Any CPU.ActiveCfg = Debug|Any CPU
		{1CDFC151-66A2-4196-AD88-ECD847853355}.Debug|Any CPU.Build.0 = Debug|Any CPU
		{1CDFC151-66A2-4196-AD88-ECD847853355}.Release|Any CPU.ActiveCfg = Release|Any CPU
		{1CDFC151-66A2-4196-AD88-ECD847853355}.Release|Any CPU.Build.0 = Release|Any CPU
	EndGlobalSection
	GlobalSection(SolutionProperties) = preSolution
		HideSolutionNode = FALSE
	EndGlobalSection
	GlobalSection(ExtensibilityGlobals) = postSolution
		SolutionGuid = {AD7CF33A-5CE7-469D-87DD-1D427566CDB5}
	EndGlobalSection
EndGlobal
